
Microsoft Visual Studio Solution File, Format Version 12.00
# Visual Studio 14
VisualStudioVersion = 14.0.25420.1
MinimumVisualStudioVersion = 10.0.40219.1
Project("{FAE04EC0-301F-11D3-BF4B-00C04F79EFBC}") = "Pduaper", "Pduaper\Pduaper.csproj", "{7BB1C34C-8D19-42A9-83E8-F9241928B152}"
EndProject
Project("{8BC9CEB8-8B4A-11D0-8D11-00A0C91BC942}") = "PduApi", "PduApi\PduApi.vcxproj", "{355888D5-3964-48DC-B792-7E54A62CBE91}"
EndProject
Project("{8BC9CEB8-8B4A-11D0-8D11-00A0C91BC942}") = "PduApiHelper", "PduApiHelper\PduApiHelper.vcxproj", "{70A1DB60-3052-401E-B151-E3BB00E7FB82}"
	ProjectSection(ProjectDependencies) = postProject
		{355888D5-3964-48DC-B792-7E54A62CBE91} = {355888D5-3964-48DC-B792-7E54A62CBE91}
	EndProjectSection
EndProject
Project("{8BC9CEB8-8B4A-11D0-8D11-00A0C91BC942}") = "PduApiClr", "PduApiClr\PduApiClr.vcxproj", "{AA87B4C6-1CED-4465-B698-2A9C20DC608C}"
	ProjectSection(ProjectDependencies) = postProject
		{70A1DB60-3052-401E-B151-E3BB00E7FB82} = {70A1DB60-3052-401E-B151-E3BB00E7FB82}
	EndProjectSection
EndProject
Project("{2150E333-8FDC-42A3-9474-1A3956D46DE8}") = "native", "native", "{1FF76833-328D-49BF-905F-528DBB0F96A0}"
EndProject
Project("{FAE04EC0-301F-11D3-BF4B-00C04F79EFBC}") = "PduApiClrUTest", "PduApiClrUTest\PduApiClrUTest.csproj", "{A3CA39F7-3AC6-43EE-B914-B953DD320941}"
EndProject
Project("{2150E333-8FDC-42A3-9474-1A3956D46DE8}") = "UnitTest", "UnitTest", "{521BC598-67A0-4C39-9426-9AA2DAC845DE}"
EndProject
Global
	GlobalSection(SolutionConfigurationPlatforms) = preSolution
		Debug|Any CPU = Debug|Any CPU
		Debug|x64 = Debug|x64
		Debug|x86 = Debug|x86
		Release|Any CPU = Release|Any CPU
		Release|x64 = Release|x64
		Release|x86 = Release|x86
	EndGlobalSection
	GlobalSection(ProjectConfigurationPlatforms) = postSolution
		{7BB1C34C-8D19-42A9-83E8-F9241928B152}.Debug|Any CPU.ActiveCfg = Debug|x86
		{7BB1C34C-8D19-42A9-83E8-F9241928B152}.Debug|x64.ActiveCfg = Debug|x86
		{7BB1C34C-8D19-42A9-83E8-F9241928B152}.Debug|x86.ActiveCfg = Debug|x86
		{7BB1C34C-8D19-42A9-83E8-F9241928B152}.Debug|x86.Build.0 = Debug|x86
		{7BB1C34C-8D19-42A9-83E8-F9241928B152}.Release|Any CPU.ActiveCfg = Release|x86
		{7BB1C34C-8D19-42A9-83E8-F9241928B152}.Release|x64.ActiveCfg = Release|x86
		{7BB1C34C-8D19-42A9-83E8-F9241928B152}.Release|x86.ActiveCfg = Release|x86
		{7BB1C34C-8D19-42A9-83E8-F9241928B152}.Release|x86.Build.0 = Release|x86
		{355888D5-3964-48DC-B792-7E54A62CBE91}.Debug|Any CPU.ActiveCfg = Debug|Win32
		{355888D5-3964-48DC-B792-7E54A62CBE91}.Debug|x64.ActiveCfg = Debug|x64
		{355888D5-3964-48DC-B792-7E54A62CBE91}.Debug|x64.Build.0 = Debug|x64
		{355888D5-3964-48DC-B792-7E54A62CBE91}.Debug|x86.ActiveCfg = Debug|Win32
		{355888D5-3964-48DC-B792-7E54A62CBE91}.Debug|x86.Build.0 = Debug|Win32
		{355888D5-3964-48DC-B792-7E54A62CBE91}.Release|Any CPU.ActiveCfg = Release|Win32
		{355888D5-3964-48DC-B792-7E54A62CBE91}.Release|x64.ActiveCfg = Release|x64
		{355888D5-3964-48DC-B792-7E54A62CBE91}.Release|x64.Build.0 = Release|x64
		{355888D5-3964-48DC-B792-7E54A62CBE91}.Release|x86.ActiveCfg = Release|Win32
		{355888D5-3964-48DC-B792-7E54A62CBE91}.Release|x86.Build.0 = Release|Win32
		{70A1DB60-3052-401E-B151-E3BB00E7FB82}.Debug|Any CPU.ActiveCfg = Debug|Win32
		{70A1DB60-3052-401E-B151-E3BB00E7FB82}.Debug|x64.ActiveCfg = Debug|x64
		{70A1DB60-3052-401E-B151-E3BB00E7FB82}.Debug|x64.Build.0 = Debug|x64
		{70A1DB60-3052-401E-B151-E3BB00E7FB82}.Debug|x86.ActiveCfg = Debug|Win32
		{70A1DB60-3052-401E-B151-E3BB00E7FB82}.Debug|x86.Build.0 = Debug|Win32
		{70A1DB60-3052-401E-B151-E3BB00E7FB82}.Release|Any CPU.ActiveCfg = Release|Win32
		{70A1DB60-3052-401E-B151-E3BB00E7FB82}.Release|x64.ActiveCfg = Release|x64
		{70A1DB60-3052-401E-B151-E3BB00E7FB82}.Release|x64.Build.0 = Release|x64
		{70A1DB60-3052-401E-B151-E3BB00E7FB82}.Release|x86.ActiveCfg = Release|Win32
		{70A1DB60-3052-401E-B151-E3BB00E7FB82}.Release|x86.Build.0 = Release|Win32
		{AA87B4C6-1CED-4465-B698-2A9C20DC608C}.Debug|Any CPU.ActiveCfg = Debug|Win32
		{AA87B4C6-1CED-4465-B698-2A9C20DC608C}.Debug|x64.ActiveCfg = Debug|x64
		{AA87B4C6-1CED-4465-B698-2A9C20DC608C}.Debug|x64.Build.0 = Debug|x64
		{AA87B4C6-1CED-4465-B698-2A9C20DC608C}.Debug|x86.ActiveCfg = Debug|Win32
		{AA87B4C6-1CED-4465-B698-2A9C20DC608C}.Debug|x86.Build.0 = Debug|Win32
		{AA87B4C6-1CED-4465-B698-2A9C20DC608C}.Release|Any CPU.ActiveCfg = Release|Win32
		{AA87B4C6-1CED-4465-B698-2A9C20DC608C}.Release|x64.ActiveCfg = Release|x64
		{AA87B4C6-1CED-4465-B698-2A9C20DC608C}.Release|x64.Build.0 = Release|x64
		{AA87B4C6-1CED-4465-B698-2A9C20DC608C}.Release|x86.ActiveCfg = Release|Win32
		{AA87B4C6-1CED-4465-B698-2A9C20DC608C}.Release|x86.Build.0 = Release|Win32
		{A3CA39F7-3AC6-43EE-B914-B953DD320941}.Debug|Any CPU.ActiveCfg = Debug|Any CPU
		{A3CA39F7-3AC6-43EE-B914-B953DD320941}.Debug|Any CPU.Build.0 = Debug|Any CPU
		{A3CA39F7-3AC6-43EE-B914-B953DD320941}.Debug|x64.ActiveCfg = Debug|Any CPU
		{A3CA39F7-3AC6-43EE-B914-B953DD320941}.Debug|x64.Build.0 = Debug|Any CPU
		{A3CA39F7-3AC6-43EE-B914-B953DD320941}.Debug|x86.ActiveCfg = Debug|Any CPU
		{A3CA39F7-3AC6-43EE-B914-B953DD320941}.Debug|x86.Build.0 = Debug|Any CPU
		{A3CA39F7-3AC6-43EE-B914-B953DD320941}.Release|Any CPU.ActiveCfg = Release|Any CPU
		{A3CA39F7-3AC6-43EE-B914-B953DD320941}.Release|Any CPU.Build.0 = Release|Any CPU
		{A3CA39F7-3AC6-43EE-B914-B953DD320941}.Release|x64.ActiveCfg = Release|Any CPU
		{A3CA39F7-3AC6-43EE-B914-B953DD320941}.Release|x64.Build.0 = Release|Any CPU
		{A3CA39F7-3AC6-43EE-B914-B953DD320941}.Release|x86.ActiveCfg = Release|Any CPU
		{A3CA39F7-3AC6-43EE-B914-B953DD320941}.Release|x86.Build.0 = Release|Any CPU
	EndGlobalSection
	GlobalSection(SolutionProperties) = preSolution
		HideSolutionNode = FALSE
	EndGlobalSection
	GlobalSection(NestedProjects) = preSolution
		{355888D5-3964-48DC-B792-7E54A62CBE91} = {1FF76833-328D-49BF-905F-528DBB0F96A0}
		{70A1DB60-3052-401E-B151-E3BB00E7FB82} = {1FF76833-328D-49BF-905F-528DBB0F96A0}
		{AA87B4C6-1CED-4465-B698-2A9C20DC608C} = {1FF76833-328D-49BF-905F-528DBB0F96A0}
		{A3CA39F7-3AC6-43EE-B914-B953DD320941} = {521BC598-67A0-4C39-9426-9AA2DAC845DE}
	EndGlobalSection
EndGlobal
